// !$*UTF8*$!
{
	archiveVersion = 1;
	classes = {
	};
	objectVersion = 50;
	objects = {

/* Begin PBXBuildFile section */
		B500A9FA218777FB008CAA6E /* GameSettings.swift in Sources */ = {isa = PBXBuildFile; fileRef = B500A9F9218777FB008CAA6E /* GameSettings.swift */; };
		B5CEE61F217770A0003C0B0D /* AppDelegate.swift in Sources */ = {isa = PBXBuildFile; fileRef = B5CEE61E217770A0003C0B0D /* AppDelegate.swift */; };
		B5CEE621217770A0003C0B0D /* GameScene.sks in Resources */ = {isa = PBXBuildFile; fileRef = B5CEE620217770A0003C0B0D /* GameScene.sks */; };
		B5CEE623217770A0003C0B0D /* Actions.sks in Resources */ = {isa = PBXBuildFile; fileRef = B5CEE622217770A0003C0B0D /* Actions.sks */; };
		B5CEE625217770A0003C0B0D /* GameScene.swift in Sources */ = {isa = PBXBuildFile; fileRef = B5CEE624217770A0003C0B0D /* GameScene.swift */; };
		B5CEE627217770A0003C0B0D /* GameViewController.swift in Sources */ = {isa = PBXBuildFile; fileRef = B5CEE626217770A0003C0B0D /* GameViewController.swift */; };
		B5CEE62A217770A0003C0B0D /* Main.storyboard in Resources */ = {isa = PBXBuildFile; fileRef = B5CEE628217770A0003C0B0D /* Main.storyboard */; };
		B5CEE62F217770A2003C0B0D /* LaunchScreen.storyboard in Resources */ = {isa = PBXBuildFile; fileRef = B5CEE62D217770A2003C0B0D /* LaunchScreen.storyboard */; };
		B5CEE63A217E1D27003C0B0D /* stars.sks in Resources */ = {isa = PBXBuildFile; fileRef = B5CEE638217E1D27003C0B0D /* stars.sks */; };
		B5CEE63B217E1D27003C0B0D /* Assets.xcassets in Resources */ = {isa = PBXBuildFile; fileRef = B5CEE639217E1D27003C0B0D /* Assets.xcassets */; };
		B5CEE63D217E2A28003C0B0D /* fire.sks in Resources */ = {isa = PBXBuildFile; fileRef = B5CEE63C217E2A28003C0B0D /* fire.sks */; };
		B5CEE641217E3601003C0B0D /* PauseViewController.swift in Sources */ = {isa = PBXBuildFile; fileRef = B5CEE640217E3601003C0B0D /* PauseViewController.swift */; };
		B5CEE648217E4A6A003C0B0D /* backgroundMusic.m4a in Resources */ = {isa = PBXBuildFile; fileRef = B5CEE646217E4A6A003C0B0D /* backgroundMusic.m4a */; };
		B5CEE649217E4A6A003C0B0D /* hitSound.wav in Resources */ = {isa = PBXBuildFile; fileRef = B5CEE647217E4A6A003C0B0D /* hitSound.wav */; };
		B5CEE64B217F6D34003C0B0D /* GameOverViewController.swift in Sources */ = {isa = PBXBuildFile; fileRef = B5CEE64A217F6D34003C0B0D /* GameOverViewController.swift */; };
/* End PBXBuildFile section */

/* Begin PBXFileReference section */
		B500A9F9218777FB008CAA6E /* GameSettings.swift */ = {isa = PBXFileReference; lastKnownFileType = sourcecode.swift; path = GameSettings.swift; sourceTree = "<group>"; };
		B5CEE61B217770A0003C0B0D /* SpaceAdventure.app */ = {isa = PBXFileReference; explicitFileType = wrapper.application; includeInIndex = 0; path = SpaceAdventure.app; sourceTree = BUILT_PRODUCTS_DIR; };
		B5CEE61E217770A0003C0B0D /* AppDelegate.swift */ = {isa = PBXFileReference; lastKnownFileType = sourcecode.swift; path = AppDelegate.swift; sourceTree = "<group>"; };
		B5CEE620217770A0003C0B0D /* GameScene.sks */ = {isa = PBXFileReference; lastKnownFileType = file.sks; path = GameScene.sks; sourceTree = "<group>"; };
		B5CEE622217770A0003C0B0D /* Actions.sks */ = {isa = PBXFileReference; lastKnownFileType = file.sks; path = Actions.sks; sourceTree = "<group>"; };
		B5CEE624217770A0003C0B0D /* GameScene.swift */ = {isa = PBXFileReference; lastKnownFileType = sourcecode.swift; path = GameScene.swift; sourceTree = "<group>"; };
		B5CEE626217770A0003C0B0D /* GameViewController.swift */ = {isa = PBXFileReference; lastKnownFileType = sourcecode.swift; path = GameViewController.swift; sourceTree = "<group>"; };
		B5CEE629217770A0003C0B0D /* Base */ = {isa = PBXFileReference; lastKnownFileType = file.storyboard; name = Base; path = Base.lproj/Main.storyboard; sourceTree = "<group>"; };
		B5CEE62E217770A2003C0B0D /* Base */ = {isa = PBXFileReference; lastKnownFileType = file.storyboard; name = Base; path = Base.lproj/LaunchScreen.storyboard; sourceTree = "<group>"; };
		B5CEE630217770A2003C0B0D /* Info.plist */ = {isa = PBXFileReference; lastKnownFileType = text.plist.xml; path = Info.plist; sourceTree = "<group>"; };
		B5CEE638217E1D27003C0B0D /* stars.sks */ = {isa = PBXFileReference; lastKnownFileType = file.sks; path = stars.sks; sourceTree = "<group>"; };
		B5CEE639217E1D27003C0B0D /* Assets.xcassets */ = {isa = PBXFileReference; lastKnownFileType = folder.assetcatalog; path = Assets.xcassets; sourceTree = "<group>"; };
		B5CEE63C217E2A28003C0B0D /* fire.sks */ = {isa = PBXFileReference; lastKnownFileType = file.sks; path = fire.sks; sourceTree = "<group>"; };
		B5CEE640217E3601003C0B0D /* PauseViewController.swift */ = {isa = PBXFileReference; lastKnownFileType = sourcecode.swift; path = PauseViewController.swift; sourceTree = "<group>"; };
		B5CEE646217E4A6A003C0B0D /* backgroundMusic.m4a */ = {isa = PBXFileReference; lastKnownFileType = file; path = backgroundMusic.m4a; sourceTree = "<group>"; };
		B5CEE647217E4A6A003C0B0D /* hitSound.wav */ = {isa = PBXFileReference; lastKnownFileType = audio.wav; path = hitSound.wav; sourceTree = "<group>"; };
		B5CEE64A217F6D34003C0B0D /* GameOverViewController.swift */ = {isa = PBXFileReference; lastKnownFileType = sourcecode.swift; path = GameOverViewController.swift; sourceTree = "<group>"; };
/* End PBXFileReference section */

/* Begin PBXFrameworksBuildPhase section */
		B5CEE618217770A0003C0B0D /* Frameworks */ = {
			isa = PBXFrameworksBuildPhase;
			buildActionMask = 2147483647;
			files = (
			);
			runOnlyForDeploymentPostprocessing = 0;
		};
/* End PBXFrameworksBuildPhase section */

/* Begin PBXGroup section */
		B5CEE612217770A0003C0B0D = {
			isa = PBXGroup;
			children = (
				B5CEE61D217770A0003C0B0D /* SpaceAdventure */,
				B5CEE61C217770A0003C0B0D /* Products */,
				B5CEE646217E4A6A003C0B0D /* backgroundMusic.m4a */,
				B5CEE647217E4A6A003C0B0D /* hitSound.wav */,
			);
			sourceTree = "<group>";
		};
		B5CEE61C217770A0003C0B0D /* Products */ = {
			isa = PBXGroup;
			children = (
				B5CEE61B217770A0003C0B0D /* SpaceAdventure.app */,
			);
			name = Products;
			sourceTree = "<group>";
		};
		B5CEE61D217770A0003C0B0D /* SpaceAdventure */ = {
			isa = PBXGroup;
			children = (
				B5CEE61E217770A0003C0B0D /* AppDelegate.swift */,
				B5CEE638217E1D27003C0B0D /* stars.sks */,
				B5CEE639217E1D27003C0B0D /* Assets.xcassets */,
				B5CEE620217770A0003C0B0D /* GameScene.sks */,
				B5CEE622217770A0003C0B0D /* Actions.sks */,
				B5CEE624217770A0003C0B0D /* GameScene.swift */,
				B500A9F9218777FB008CAA6E /* GameSettings.swift */,
				B5CEE626217770A0003C0B0D /* GameViewController.swift */,
				B5CEE64A217F6D34003C0B0D /* GameOverViewController.swift */,
				B5CEE63C217E2A28003C0B0D /* fire.sks */,
				B5CEE640217E3601003C0B0D /* PauseViewController.swift */,
				B5CEE628217770A0003C0B0D /* Main.storyboard */,
				B5CEE62D217770A2003C0B0D /* LaunchScreen.storyboard */,
				B5CEE630217770A2003C0B0D /* Info.plist */,
			);
			path = SpaceAdventure;
			sourceTree = "<group>";
		};
/* End PBXGroup section */

/* Begin PBXNativeTarget section */
		B5CEE61A217770A0003C0B0D /* SpaceAdventure */ = {
			isa = PBXNativeTarget;
			buildConfigurationList = B5CEE633217770A2003C0B0D /* Build configuration list for PBXNativeTarget "SpaceAdventure" */;
			buildPhases = (
				B5CEE617217770A0003C0B0D /* Sources */,
				B5CEE618217770A0003C0B0D /* Frameworks */,
				B5CEE619217770A0003C0B0D /* Resources */,
			);
			buildRules = (
			);
			dependencies = (
			);
			name = SpaceAdventure;
			productName = SpaceAdventure;
			productReference = B5CEE61B217770A0003C0B0D /* SpaceAdventure.app */;
			productType = "com.apple.product-type.application";
		};
/* End PBXNativeTarget section */

/* Begin PBXProject section */
		B5CEE613217770A0003C0B0D /* Project object */ = {
			isa = PBXProject;
			attributes = {
				LastSwiftUpdateCheck = 1000;
				LastUpgradeCheck = 1000;
				ORGANIZATIONNAME = Konstantin;
				TargetAttributes = {
					B5CEE61A217770A0003C0B0D = {
						CreatedOnToolsVersion = 10.0;
					};
				};
			};
			buildConfigurationList = B5CEE616217770A0003C0B0D /* Build configuration list for PBXProject "SpaceAdventure" */;
			compatibilityVersion = "Xcode 9.3";
			developmentRegion = en;
			hasScannedForEncodings = 0;
			knownRegions = (
				en,
				Base,
			);
			mainGroup = B5CEE612217770A0003C0B0D;
			productRefGroup = B5CEE61C217770A0003C0B0D /* Products */;
			projectDirPath = "";
			projectRoot = "";
			targets = (
				B5CEE61A217770A0003C0B0D /* SpaceAdventure */,
			);
		};
/* End PBXProject section */

/* Begin PBXResourcesBuildPhase section */
		B5CEE619217770A0003C0B0D /* Resources */ = {
			isa = PBXResourcesBuildPhase;
			buildActionMask = 2147483647;
			files = (
				B5CEE62A217770A0003C0B0D /* Main.storyboard in Resources */,
				B5CEE621217770A0003C0B0D /* GameScene.sks in Resources */,
				B5CEE62F217770A2003C0B0D /* LaunchScreen.storyboard in Resources */,
				B5CEE63D217E2A28003C0B0D /* fire.sks in Resources */,
				B5CEE648217E4A6A003C0B0D /* backgroundMusic.m4a in Resources */,
				B5CEE63A217E1D27003C0B0D /* stars.sks in Resources */,
				B5CEE63B217E1D27003C0B0D /* Assets.xcassets in Resources */,
				B5CEE649217E4A6A003C0B0D /* hitSound.wav in Resources */,
				B5CEE623217770A0003C0B0D /* Actions.sks in Resources */,
			);
			runOnlyForDeploymentPostprocessing = 0;
		};
/* End PBXResourcesBuildPhase section */

/* Begin PBXSourcesBuildPhase section */
		B5CEE617217770A0003C0B0D /* Sources */ = {
			isa = PBXSourcesBuildPhase;
			buildActionMask = 2147483647;
			files = (
				B5CEE625217770A0003C0B0D /* GameScene.swift in Sources */,
				B5CEE641217E3601003C0B0D /* PauseViewController.swift in Sources */,
				B500A9FA218777FB008CAA6E /* GameSettings.swift in Sources */,
				B5CEE627217770A0003C0B0D /* GameViewController.swift in Sources */,
				B5CEE61F217770A0003C0B0D /* AppDelegate.swift in Sources */,
				B5CEE64B217F6D34003C0B0D /* GameOverViewController.swift in Sources */,
			);
			runOnlyForDeploymentPostprocessing = 0;
		};
/* End PBXSourcesBuildPhase section */

/* Begin PBXVariantGroup section */
		B5CEE628217770A0003C0B0D /* Main.storyboard */ = {
			isa = PBXVariantGroup;
			children = (
				B5CEE629217770A0003C0B0D /* Base */,
			);
			name = Main.storyboard;
			sourceTree = "<group>";
		};
		B5CEE62D217770A2003C0B0D /* LaunchScreen.storyboard */ = {
			isa = PBXVariantGroup;
			children = (
				B5CEE62E217770A2003C0B0D /* Base */,
			);
			name = LaunchScreen.storyboard;
			sourceTree = "<group>";
		};
/* End PBXVariantGroup section */

/* Begin XCBuildConfiguration section */
		B5CEE631217770A2003C0B0D /* Debug */ = {
			isa = XCBuildConfiguration;
			buildSettings = {
				ALWAYS_SEARCH_USER_PATHS = NO;
				CLANG_ANALYZER_NONNULL = YES;
				CLANG_ANALYZER_NUMBER_OBJECT_CONVERSION = YES_AGGRESSIVE;
				CLANG_CXX_LANGUAGE_STANDARD = "gnu++14";
				CLANG_CXX_LIBRARY = "libc++";
				CLANG_ENABLE_MODULES = YES;
				CLANG_ENABLE_OBJC_ARC = YES;
				CLANG_ENABLE_OBJC_WEAK = YES;
				CLANG_WARN_BLOCK_CAPTURE_AUTORELEASING = YES;
				CLANG_WARN_BOOL_CONVERSION = YES;
				CLANG_WARN_COMMA = YES;
				CLANG_WARN_CONSTANT_CONVERSION = YES;
				CLANG_WARN_DEPRECATED_OBJC_IMPLEMENTATIONS = YES;
				CLANG_WARN_DIRECT_OBJC_ISA_USAGE = YES_ERROR;
				CLANG_WARN_DOCUMENTATION_COMMENTS = YES;
				CLANG_WARN_EMPTY_BODY = YES;
				CLANG_WARN_ENUM_CONVERSION = YES;
				CLANG_WARN_INFINITE_RECURSION = YES;
				CLANG_WARN_INT_CONVERSION = YES;
				CLANG_WARN_NON_LITERAL_NULL_CONVERSION = YES;
				CLANG_WARN_OBJC_IMPLICIT_RETAIN_SELF = YES;
				CLANG_WARN_OBJC_LITERAL_CONVERSION = YES;
				CLANG_WARN_OBJC_ROOT_CLASS = YES_ERROR;
				CLANG_WARN_RANGE_LOOP_ANALYSIS = YES;
				CLANG_WARN_STRICT_PROTOTYPES = YES;
				CLANG_WARN_SUSPICIOUS_MOVE = YES;
				CLANG_WARN_UNGUARDED_AVAILABILITY = YES_AGGRESSIVE;
				CLANG_WARN_UNREACHABLE_CODE = YES;
				CLANG_WARN__DUPLICATE_METHOD_MATCH = YES;
				CODE_SIGN_IDENTITY = "iPhone Developer";
				COPY_PHASE_STRIP = NO;
				DEBUG_INFORMATION_FORMAT = dwarf;
				ENABLE_STRICT_OBJC_MSGSEND = YES;
				ENABLE_TESTABILITY = YES;
				GCC_C_LANGUAGE_STANDARD = gnu11;
				GCC_DYNAMIC_NO_PIC = NO;
				GCC_NO_COMMON_BLOCKS = YES;
				GCC_OPTIMIZATION_LEVEL = 0;
				GCC_PREPROCESSOR_DEFINITIONS = (
					"DEBUG=1",
					"$(inherited)",
				);
				GCC_WARN_64_TO_32_BIT_CONVERSION = YES;
				GCC_WARN_ABOUT_RETURN_TYPE = YES_ERROR;
				GCC_WARN_UNDECLARED_SELECTOR = YES;
				GCC_WARN_UNINITIALIZED_AUTOS = YES_AGGRESSIVE;
				GCC_WARN_UNUSED_FUNCTION = YES;
				GCC_WARN_UNUSED_VARIABLE = YES;
				IPHONEOS_DEPLOYMENT_TARGET = 12.0;
				MTL_ENABLE_DEBUG_INFO = INCLUDE_SOURCE;
				MTL_FAST_MATH = YES;
				ONLY_ACTIVE_ARCH = YES;
				SDKROOT = iphoneos;
				SWIFT_ACTIVE_COMPILATION_CONDITIONS = DEBUG;
				SWIFT_OPTIMIZATION_LEVEL = "-Onone";
			};
			name = Debug;
		};
		B5CEE632217770A2003C0B0D /* Release */ = {
			isa = XCBuildConfiguration;
			buildSettings = {
				ALWAYS_SEARCH_USER_PATHS = NO;
				CLANG_ANALYZER_NONNULL = YES;
				CLANG_ANALYZER_NUMBER_OBJECT_CONVERSION = YES_AGGRESSIVE;
				CLANG_CXX_LANGUAGE_STANDARD = "gnu++14";
				CLANG_CXX_LIBRARY = "libc++";
				CLANG_ENABLE_MODULES = YES;
				CLANG_ENABLE_OBJC_ARC = YES;
				CLANG_ENABLE_OBJC_WEAK = YES;
				CLANG_WARN_BLOCK_CAPTURE_AUTORELEASING = YES;
				CLANG_WARN_BOOL_CONVERSION = YES;
				CLANG_WARN_COMMA = YES;
				CLANG_WARN_CONSTANT_CONVERSION = YES;
				CLANG_WARN_DEPRECATED_OBJC_IMPLEMENTATIONS = YES;
				CLANG_WARN_DIRECT_OBJC_ISA_USAGE = YES_ERROR;
				CLANG_WARN_DOCUMENTATION_COMMENTS = YES;
				CLANG_WARN_EMPTY_BODY = YES;
				CLANG_WARN_ENUM_CONVERSION = YES;
				CLANG_WARN_INFINITE_RECURSION = YES;
				CLANG_WARN_INT_CONVERSION = YES;
				CLANG_WARN_NON_LITERAL_NULL_CONVERSION = YES;
				CLANG_WARN_OBJC_IMPLICIT_RETAIN_SELF = YES;
				CLANG_WARN_OBJC_LITERAL_CONVERSION = YES;
				CLANG_WARN_OBJC_ROOT_CLASS = YES_ERROR;
				CLANG_WARN_RANGE_LOOP_ANALYSIS = YES;
				CLANG_WARN_STRICT_PROTOTYPES = YES;
				CLANG_WARN_SUSPICIOUS_MOVE = YES;
				CLANG_WARN_UNGUARDED_AVAILABILITY = YES_AGGRESSIVE;
				CLANG_WARN_UNREACHABLE_CODE = YES;
				CLANG_WARN__DUPLICATE_METHOD_MATCH = YES;
				CODE_SIGN_IDENTITY = "iPhone Developer";
				COPY_PHASE_STRIP = NO;
				DEBUG_INFORMATION_FORMAT = "dwarf-with-dsym";
				ENABLE_NS_ASSERTIONS = NO;
				ENABLE_STRICT_OBJC_MSGSEND = YES;
				GCC_C_LANGUAGE_STANDARD = gnu11;
				GCC_NO_COMMON_BLOCKS = YES;
				GCC_WARN_64_TO_32_BIT_CONVERSION = YES;
				GCC_WARN_ABOUT_RETURN_TYPE = YES_ERROR;
				GCC_WARN_UNDECLARED_SELECTOR = YES;
				GCC_WARN_UNINITIALIZED_AUTOS = YES_AGGRESSIVE;
				GCC_WARN_UNUSED_FUNCTION = YES;
				GCC_WARN_UNUSED_VARIABLE = YES;
				IPHONEOS_DEPLOYMENT_TARGET = 12.0;
				MTL_ENABLE_DEBUG_INFO = NO;
				MTL_FAST_MATH = YES;
				SDKROOT = iphoneos;
				SWIFT_COMPILATION_MODE = wholemodule;
				SWIFT_OPTIMIZATION_LEVEL = "-O";
				VALIDATE_PRODUCT = YES;
			};
			name = Release;
		};
		B5CEE634217770A2003C0B0D /* Debug */ = {
			isa = XCBuildConfiguration;
			buildSettings = {
				ASSETCATALOG_COMPILER_APPICON_NAME = AppIcon;
				CODE_SIGN_STYLE = Automatic;
				DEVELOPMENT_TEAM = FZZ457X95J;
				INFOPLIST_FILE = SpaceAdventure/Info.plist;
				LD_RUNPATH_SEARCH_PATHS = (
					"$(inherited)",
					"@executable_path/Frameworks",
				);
				PRODUCT_BUNDLE_IDENTIFIER = com.grahovsky.SpaceAdventure;
				PRODUCT_NAME = "$(TARGET_NAME)";
				SWIFT_VERSION = 4.2;
				TARGETED_DEVICE_FAMILY = "1,2";
			};
			name = Debug;
		};
		B5CEE635217770A2003C0B0D /* Release */ = {
			isa = XCBuildConfiguration;
			buildSettings = {
				ASSETCATALOG_COMPILER_APPICON_NAME = AppIcon;
				CODE_SIGN_STYLE = Automatic;
				DEVELOPMENT_TEAM = FZZ457X95J;
				INFOPLIST_FILE = SpaceAdventure/Info.plist;
				LD_RUNPATH_SEARCH_PATHS = (
					"$(inherited)",
					"@executable_path/Frameworks",
				);
				PRODUCT_BUNDLE_IDENTIFIER = com.grahovsky.SpaceAdventure;
				PRODUCT_NAME = "$(TARGET_NAME)";
				SWIFT_VERSION = 4.2;
				TARGETED_DEVICE_FAMILY = "1,2";
			};
			name = Release;
		};
/* End XCBuildConfiguration section */

/* Begin XCConfigurationList section */
		B5CEE616217770A0003C0B0D /* Build configuration list for PBXProject "SpaceAdventure" */ = {
			isa = XCConfigurationList;
			buildConfigurations = (
				B5CEE631217770A2003C0B0D /* Debug */,
				B5CEE632217770A2003C0B0D /* Release */,
			);
			defaultConfigurationIsVisible = 0;
			defaultConfigurationName = Release;
		};
		B5CEE633217770A2003C0B0D /* Build configuration list for PBXNativeTarget "SpaceAdventure" */ = {
			isa = XCConfigurationList;
			buildConfigurations = (
				B5CEE634217770A2003C0B0D /* Debug */,
				B5CEE635217770A2003C0B0D /* Release */,
			);
			defaultConfigurationIsVisible = 0;
			defaultConfigurationName = Release;
		};
/* End XCConfigurationList section */
	};
	rootObject = B5CEE613217770A0003C0B0D /* Project object */;
}
